{
  "name": "arrows",
  "version": "2.7.1",
  "lockfileVersion": 1,
  "requires": true,
  "dependencies": {
    "sketch-module-google-analytics": {
      "version": "0.2.1",
      "resolved": "https://registry.npmjs.org/sketch-module-google-analytics/-/sketch-module-google-analytics-0.2.1.tgz",
      "integrity": "sha512-/zSu4gTBoUidSCsXgkhoAf11XKaYHcyOZwZzZCHhnBaH2vstFjzlWTooZ6SbcN3Qabmd++tAVoBNRUY4w8YnFg=="
    }
  }
}
